
Microsoft Visual Studio Solution File, Format Version 12.00
# Visual Studio Version 17
VisualStudioVersion = 17.11.35303.130
MinimumVisualStudioVersion = 10.0.40219.1
Project("{FAE04EC0-301F-11D3-BF4B-00C04F79EFBC}") = "EFCoreApplication", "EFCoreApplication\EFCoreApplication.csproj", "{2F140C8E-E095-4450-B73E-E09C1ABBEAD4}"
EndProject
Global
	GlobalSection(SolutionConfigurationPlatforms) = preSolution
		Debug|Any CPU = Debug|Any CPU
		Release|Any CPU = Release|Any CPU
	EndGlobalSection
	GlobalSection(ProjectConfigurationPlatforms) = postSolution
		{2F140C8E-E095-4450-B73E-E09C1ABBEAD4}.Debug|Any CPU.ActiveCfg = Debug|Any CPU
		{2F140C8E-E095-4450-B73E-E09C1ABBEAD4}.Debug|Any CPU.Build.0 = Debug|Any CPU
		{2F140C8E-E095-4450-B73E-E09C1ABBEAD4}.Release|Any CPU.ActiveCfg = Release|Any CPU
		{2F140C8E-E095-4450-B73E-E09C1ABBEAD4}.Release|Any CPU.Build.0 = Release|Any CPU
	EndGlobalSection
	GlobalSection(SolutionProperties) = preSolution
		HideSolutionNode = FALSE
	EndGlobalSection
	GlobalSection(ExtensibilityGlobals) = postSolution
		SolutionGuid = {4733CA9A-261C-48A8-9EE1-B43F0D21A7F3}
	EndGlobalSection
EndGlobal
